
Microsoft Visual Studio Solution File, Format Version 12.00
# Visual Studio Version 16
VisualStudioVersion = 16.0.31911.196
MinimumVisualStudioVersion = 10.0.40219.1
Project("{FAE04EC0-301F-11D3-BF4B-00C04F79EFBC}") = "AllupStore", "AllupStore\AllupStore.csproj", "{04F27B20-F52B-461E-80B1-5399EEC8792E}"
EndProject
Global
	GlobalSection(SolutionConfigurationPlatforms) = preSolution
		Debug|Any CPU = Debug|Any CPU
		Release|Any CPU = Release|Any CPU
	EndGlobalSection
	GlobalSection(ProjectConfigurationPlatforms) = postSolution
		{04F27B20-F52B-461E-80B1-5399EEC8792E}.Debug|Any CPU.ActiveCfg = Debug|Any CPU
		{04F27B20-F52B-461E-80B1-5399EEC8792E}.Debug|Any CPU.Build.0 = Debug|Any CPU
		{04F27B20-F52B-461E-80B1-5399EEC8792E}.Release|Any CPU.ActiveCfg = Release|Any CPU
		{04F27B20-F52B-461E-80B1-5399EEC8792E}.Release|Any CPU.Build.0 = Release|Any CPU
	EndGlobalSection
	GlobalSection(SolutionProperties) = preSolution
		HideSolutionNode = FALSE
	EndGlobalSection
	GlobalSection(ExtensibilityGlobals) = postSolution
		SolutionGuid = {906861E3-F551-4C43-B461-96D776F0273E}
	EndGlobalSection
EndGlobal
